// !$*UTF8*$!
{
	archiveVersion = 1;
	classes = {
	};
	objectVersion = 46;
	objects = {

/* Begin PBXBuildFile section */
		AA8DDC881BEF249E00AFD2CA /* NNet.swift in Sources */ = {isa = PBXBuildFile; fileRef = AA8DDC871BEF249E00AFD2CA /* NNet.swift */; };
		AA9776C11B958192009681DC /* main.swift in Sources */ = {isa = PBXBuildFile; fileRef = AA9776C01B958192009681DC /* main.swift */; };
		AA9776CD1B97FA57009681DC /* forexParser.swift in Sources */ = {isa = PBXBuildFile; fileRef = AA9776CC1B97FA57009681DC /* forexParser.swift */; };
		AA9776CF1B9821D3009681DC /* CSwiftV.swift in Sources */ = {isa = PBXBuildFile; fileRef = AA9776CE1B9821D3009681DC /* CSwiftV.swift */; };
		AA99E52F1BEDD43F008069EE /* Randoms.swift in Sources */ = {isa = PBXBuildFile; fileRef = AA99E52E1BEDD43F008069EE /* Randoms.swift */; };
		AA99E5311BEDD6C2008069EE /* Net.swift in Sources */ = {isa = PBXBuildFile; fileRef = AA99E5301BEDD6C2008069EE /* Net.swift */; };
		AA99E5331BEDD6CE008069EE /* Neuron.swift in Sources */ = {isa = PBXBuildFile; fileRef = AA99E5321BEDD6CE008069EE /* Neuron.swift */; };
/* End PBXBuildFile section */

/* Begin PBXCopyFilesBuildPhase section */
		AA9776BB1B958192009681DC /* CopyFiles */ = {
			isa = PBXCopyFilesBuildPhase;
			buildActionMask = 2147483647;
			dstPath = /usr/share/man/man1/;
			dstSubfolderSpec = 0;
			files = (
			);
			runOnlyForDeploymentPostprocessing = 1;
		};
/* End PBXCopyFilesBuildPhase section */

/* Begin PBXFileReference section */
		AA8DDC871BEF249E00AFD2CA /* NNet.swift */ = {isa = PBXFileReference; fileEncoding = 4; lastKnownFileType = sourcecode.swift; path = NNet.swift; sourceTree = "<group>"; };
		AA9776BD1B958192009681DC /* NeuralNet */ = {isa = PBXFileReference; explicitFileType = "compiled.mach-o.executable"; includeInIndex = 0; path = NeuralNet; sourceTree = BUILT_PRODUCTS_DIR; };
		AA9776C01B958192009681DC /* main.swift */ = {isa = PBXFileReference; lastKnownFileType = sourcecode.swift; path = main.swift; sourceTree = "<group>"; };
		AA9776CB1B97FA4F009681DC /* data.csv */ = {isa = PBXFileReference; lastKnownFileType = text; path = data.csv; sourceTree = "<group>"; };
		AA9776CC1B97FA57009681DC /* forexParser.swift */ = {isa = PBXFileReference; fileEncoding = 4; lastKnownFileType = sourcecode.swift; path = forexParser.swift; sourceTree = "<group>"; };
		AA9776CE1B9821D3009681DC /* CSwiftV.swift */ = {isa = PBXFileReference; fileEncoding = 4; lastKnownFileType = sourcecode.swift; path = CSwiftV.swift; sourceTree = "<group>"; };
		AA99E52E1BEDD43F008069EE /* Randoms.swift */ = {isa = PBXFileReference; fileEncoding = 4; lastKnownFileType = sourcecode.swift; path = Randoms.swift; sourceTree = "<group>"; };
		AA99E5301BEDD6C2008069EE /* Net.swift */ = {isa = PBXFileReference; fileEncoding = 4; lastKnownFileType = sourcecode.swift; path = Net.swift; sourceTree = "<group>"; };
		AA99E5321BEDD6CE008069EE /* Neuron.swift */ = {isa = PBXFileReference; fileEncoding = 4; lastKnownFileType = sourcecode.swift; path = Neuron.swift; sourceTree = "<group>"; };
/* End PBXFileReference section */

/* Begin PBXFrameworksBuildPhase section */
		AA9776BA1B958192009681DC /* Frameworks */ = {
			isa = PBXFrameworksBuildPhase;
			buildActionMask = 2147483647;
			files = (
			);
			runOnlyForDeploymentPostprocessing = 0;
		};
/* End PBXFrameworksBuildPhase section */

/* Begin PBXGroup section */
		AA9776B41B958192009681DC = {
			isa = PBXGroup;
			children = (
				AA9776BF1B958192009681DC /* NeuralNet */,
				AA9776BE1B958192009681DC /* Products */,
			);
			sourceTree = "<group>";
		};
		AA9776BE1B958192009681DC /* Products */ = {
			isa = PBXGroup;
			children = (
				AA9776BD1B958192009681DC /* NeuralNet */,
			);
			name = Products;
			sourceTree = "<group>";
		};
		AA9776BF1B958192009681DC /* NeuralNet */ = {
			isa = PBXGroup;
			children = (
				AA9776CC1B97FA57009681DC /* forexParser.swift */,
				AA9776C01B958192009681DC /* main.swift */,
				AA8DDC871BEF249E00AFD2CA /* NNet.swift */,
				AA99E5301BEDD6C2008069EE /* Net.swift */,
				AA99E5321BEDD6CE008069EE /* Neuron.swift */,
				AA9776CE1B9821D3009681DC /* CSwiftV.swift */,
				AA99E52E1BEDD43F008069EE /* Randoms.swift */,
				AA9776CB1B97FA4F009681DC /* data.csv */,
			);
			path = NeuralNet;
			sourceTree = "<group>";
		};
/* End PBXGroup section */

/* Begin PBXNativeTarget section */
		AA9776BC1B958192009681DC /* NeuralNet */ = {
			isa = PBXNativeTarget;
			buildConfigurationList = AA9776C41B958192009681DC /* Build configuration list for PBXNativeTarget "NeuralNet" */;
			buildPhases = (
				AA9776B91B958192009681DC /* Sources */,
				AA9776BA1B958192009681DC /* Frameworks */,
				AA9776BB1B958192009681DC /* CopyFiles */,
			);
			buildRules = (
			);
			dependencies = (
			);
			name = NeuralNet;
			productName = NeuralNet;
			productReference = AA9776BD1B958192009681DC /* NeuralNet */;
			productType = "com.apple.product-type.tool";
		};
/* End PBXNativeTarget section */

/* Begin PBXProject section */
		AA9776B51B958192009681DC /* Project object */ = {
			isa = PBXProject;
			attributes = {
				LastUpgradeCheck = 0700;
				ORGANIZATIONNAME = "Ethan Jackwitz";
				TargetAttributes = {
					AA9776BC1B958192009681DC = {
						CreatedOnToolsVersion = 7.0;
					};
				};
			};
			buildConfigurationList = AA9776B81B958192009681DC /* Build configuration list for PBXProject "NeuralNet" */;
			compatibilityVersion = "Xcode 3.2";
			developmentRegion = English;
			hasScannedForEncodings = 0;
			knownRegions = (
				en,
			);
			mainGroup = AA9776B41B958192009681DC;
			productRefGroup = AA9776BE1B958192009681DC /* Products */;
			projectDirPath = "";
			projectRoot = "";
			targets = (
				AA9776BC1B958192009681DC /* NeuralNet */,
			);
		};
/* End PBXProject section */

/* Begin PBXSourcesBuildPhase section */
		AA9776B91B958192009681DC /* Sources */ = {
			isa = PBXSourcesBuildPhase;
			buildActionMask = 2147483647;
			files = (
				AA9776CD1B97FA57009681DC /* forexParser.swift in Sources */,
				AA8DDC881BEF249E00AFD2CA /* NNet.swift in Sources */,
				AA99E5311BEDD6C2008069EE /* Net.swift in Sources */,
				AA99E5331BEDD6CE008069EE /* Neuron.swift in Sources */,
				AA99E52F1BEDD43F008069EE /* Randoms.swift in Sources */,
				AA9776CF1B9821D3009681DC /* CSwiftV.swift in Sources */,
				AA9776C11B958192009681DC /* main.swift in Sources */,
			);
			runOnlyForDeploymentPostprocessing = 0;
		};
/* End PBXSourcesBuildPhase section */

/* Begin XCBuildConfiguration section */
		AA9776C21B958192009681DC /* Debug */ = {
			isa = XCBuildConfiguration;
			buildSettings = {
				ALWAYS_SEARCH_USER_PATHS = NO;
				CLANG_CXX_LANGUAGE_STANDARD = "gnu++0x";
				CLANG_CXX_LIBRARY = "libc++";
				CLANG_ENABLE_MODULES = YES;
				CLANG_ENABLE_OBJC_ARC = YES;
				CLANG_WARN_BOOL_CONVERSION = YES;
				CLANG_WARN_CONSTANT_CONVERSION = YES;
				CLANG_WARN_DIRECT_OBJC_ISA_USAGE = YES_ERROR;
				CLANG_WARN_EMPTY_BODY = YES;
				CLANG_WARN_ENUM_CONVERSION = YES;
				CLANG_WARN_INT_CONVERSION = YES;
				CLANG_WARN_OBJC_ROOT_CLASS = YES_ERROR;
				CLANG_WARN_UNREACHABLE_CODE = YES;
				CLANG_WARN__DUPLICATE_METHOD_MATCH = YES;
				COPY_PHASE_STRIP = NO;
				DEBUG_INFORMATION_FORMAT = dwarf;
				ENABLE_STRICT_OBJC_MSGSEND = YES;
				ENABLE_TESTABILITY = YES;
				GCC_C_LANGUAGE_STANDARD = gnu99;
				GCC_DYNAMIC_NO_PIC = NO;
				GCC_NO_COMMON_BLOCKS = YES;
				GCC_OPTIMIZATION_LEVEL = 0;
				GCC_PREPROCESSOR_DEFINITIONS = (
					"DEBUG=1",
					"$(inherited)",
				);
				GCC_WARN_64_TO_32_BIT_CONVERSION = YES;
				GCC_WARN_ABOUT_RETURN_TYPE = YES_ERROR;
				GCC_WARN_UNDECLARED_SELECTOR = YES;
				GCC_WARN_UNINITIALIZED_AUTOS = YES_AGGRESSIVE;
				GCC_WARN_UNUSED_FUNCTION = YES;
				GCC_WARN_UNUSED_VARIABLE = YES;
				MACOSX_DEPLOYMENT_TARGET = 10.10;
				MTL_ENABLE_DEBUG_INFO = YES;
				ONLY_ACTIVE_ARCH = YES;
				SDKROOT = macosx;
				SWIFT_OPTIMIZATION_LEVEL = "-Onone";
			};
			name = Debug;
		};
		AA9776C31B958192009681DC /* Release */ = {
			isa = XCBuildConfiguration;
			buildSettings = {
				ALWAYS_SEARCH_USER_PATHS = NO;
				CLANG_CXX_LANGUAGE_STANDARD = "gnu++0x";
				CLANG_CXX_LIBRARY = "libc++";
				CLANG_ENABLE_MODULES = YES;
				CLANG_ENABLE_OBJC_ARC = YES;
				CLANG_WARN_BOOL_CONVERSION = YES;
				CLANG_WARN_CONSTANT_CONVERSION = YES;
				CLANG_WARN_DIRECT_OBJC_ISA_USAGE = YES_ERROR;
				CLANG_WARN_EMPTY_BODY = YES;
				CLANG_WARN_ENUM_CONVERSION = YES;
				CLANG_WARN_INT_CONVERSION = YES;
				CLANG_WARN_OBJC_ROOT_CLASS = YES_ERROR;
				CLANG_WARN_UNREACHABLE_CODE = YES;
				CLANG_WARN__DUPLICATE_METHOD_MATCH = YES;
				COPY_PHASE_STRIP = NO;
				DEBUG_INFORMATION_FORMAT = "dwarf-with-dsym";
				ENABLE_NS_ASSERTIONS = NO;
				ENABLE_STRICT_OBJC_MSGSEND = YES;
				GCC_C_LANGUAGE_STANDARD = gnu99;
				GCC_NO_COMMON_BLOCKS = YES;
				GCC_WARN_64_TO_32_BIT_CONVERSION = YES;
				GCC_WARN_ABOUT_RETURN_TYPE = YES_ERROR;
				GCC_WARN_UNDECLARED_SELECTOR = YES;
				GCC_WARN_UNINITIALIZED_AUTOS = YES_AGGRESSIVE;
				GCC_WARN_UNUSED_FUNCTION = YES;
				GCC_WARN_UNUSED_VARIABLE = YES;
				MACOSX_DEPLOYMENT_TARGET = 10.10;
				MTL_ENABLE_DEBUG_INFO = NO;
				SDKROOT = macosx;
			};
			name = Release;
		};
		AA9776C51B958192009681DC /* Debug */ = {
			isa = XCBuildConfiguration;
			buildSettings = {
				PRODUCT_NAME = "$(TARGET_NAME)";
			};
			name = Debug;
		};
		AA9776C61B958192009681DC /* Release */ = {
			isa = XCBuildConfiguration;
			buildSettings = {
				PRODUCT_NAME = "$(TARGET_NAME)";
			};
			name = Release;
		};
/* End XCBuildConfiguration section */

/* Begin XCConfigurationList section */
		AA9776B81B958192009681DC /* Build configuration list for PBXProject "NeuralNet" */ = {
			isa = XCConfigurationList;
			buildConfigurations = (
				AA9776C21B958192009681DC /* Debug */,
				AA9776C31B958192009681DC /* Release */,
			);
			defaultConfigurationIsVisible = 0;
			defaultConfigurationName = Release;
		};
		AA9776C41B958192009681DC /* Build configuration list for PBXNativeTarget "NeuralNet" */ = {
			isa = XCConfigurationList;
			buildConfigurations = (
				AA9776C51B958192009681DC /* Debug */,
				AA9776C61B958192009681DC /* Release */,
			);
			defaultConfigurationIsVisible = 0;
			defaultConfigurationName = Release;
		};
/* End XCConfigurationList section */
	};
	rootObject = AA9776B51B958192009681DC /* Project object */;
}
